
Microsoft Visual Studio Solution File, Format Version 12.00
# Visual Studio Version 17
VisualStudioVersion = 17.2.32505.173
MinimumVisualStudioVersion = 10.0.40219.1
Project("{FAE04EC0-301F-11D3-BF4B-00C04F79EFBC}") = "TransferMate.Data", "TransferMate.Data\TransferMate.Data.csproj", "{7ED81C4D-D5E2-4F7E-94B6-5C1FB166C2B1}"
EndProject
Project("{FAE04EC0-301F-11D3-BF4B-00C04F79EFBC}") = "TransferMate.Web", "TransferMate.Web\TransferMate.Web.csproj", "{2311DD51-90AD-4CB2-A7EA-BBF3A7D78E20}"
EndProject
Project("{FAE04EC0-301F-11D3-BF4B-00C04F79EFBC}") = "TransferMate.Business", "TransferMate.Business\TransferMate.Business.csproj", "{5C684D59-49CE-440D-8446-6EC8E2F80266}"
EndProject
Global
	GlobalSection(SolutionConfigurationPlatforms) = preSolution
		Debug|Any CPU = Debug|Any CPU
		Release|Any CPU = Release|Any CPU
	EndGlobalSection
	GlobalSection(ProjectConfigurationPlatforms) = postSolution
		{7ED81C4D-D5E2-4F7E-94B6-5C1FB166C2B1}.Debug|Any CPU.ActiveCfg = Debug|Any CPU
		{7ED81C4D-D5E2-4F7E-94B6-5C1FB166C2B1}.Debug|Any CPU.Build.0 = Debug|Any CPU
		{7ED81C4D-D5E2-4F7E-94B6-5C1FB166C2B1}.Release|Any CPU.ActiveCfg = Release|Any CPU
		{7ED81C4D-D5E2-4F7E-94B6-5C1FB166C2B1}.Release|Any CPU.Build.0 = Release|Any CPU
		{2311DD51-90AD-4CB2-A7EA-BBF3A7D78E20}.Debug|Any CPU.ActiveCfg = Debug|Any CPU
		{2311DD51-90AD-4CB2-A7EA-BBF3A7D78E20}.Debug|Any CPU.Build.0 = Debug|Any CPU
		{2311DD51-90AD-4CB2-A7EA-BBF3A7D78E20}.Release|Any CPU.ActiveCfg = Release|Any CPU
		{2311DD51-90AD-4CB2-A7EA-BBF3A7D78E20}.Release|Any CPU.Build.0 = Release|Any CPU
		{5C684D59-49CE-440D-8446-6EC8E2F80266}.Debug|Any CPU.ActiveCfg = Debug|Any CPU
		{5C684D59-49CE-440D-8446-6EC8E2F80266}.Debug|Any CPU.Build.0 = Debug|Any CPU
		{5C684D59-49CE-440D-8446-6EC8E2F80266}.Release|Any CPU.ActiveCfg = Release|Any CPU
		{5C684D59-49CE-440D-8446-6EC8E2F80266}.Release|Any CPU.Build.0 = Release|Any CPU
	EndGlobalSection
	GlobalSection(SolutionProperties) = preSolution
		HideSolutionNode = FALSE
	EndGlobalSection
	GlobalSection(ExtensibilityGlobals) = postSolution
		SolutionGuid = {83E04A46-27B8-4D16-885A-5A8A9604C566}
	EndGlobalSection
EndGlobal
